
Microsoft Visual Studio Solution File, Format Version 12.00
# Visual Studio Version 17
VisualStudioVersion = 17.9.34622.214
MinimumVisualStudioVersion = 10.0.40219.1
Project("{9A19103F-16F7-4668-BE54-9A1E7A4F7556}") = "01.HelloCsharp", "01.Simple Commands\01.HelloCsharp.csproj", "{F5A59F7E-DF5D-4F0C-9FEE-BE3AF1DFE202}"
EndProject
Project("{FAE04EC0-301F-11D3-BF4B-00C04F79EFBC}") = "02.Print-multiplication", "Print-multiplication\02.Print-multiplication.csproj", "{A2C947B2-2514-40A4-A001-9D164B001006}"
EndProject
Project("{FAE04EC0-301F-11D3-BF4B-00C04F79EFBC}") = "03.Number Operation", "03.Number Operation\03.Number Operation.csproj", "{5D80C23D-E81A-4E55-A8BE-A5DC3205C271}"
EndProject
Project("{FAE04EC0-301F-11D3-BF4B-00C04F79EFBC}") = "04.Calculations", "Calculations\04.Calculations.csproj", "{00C5EC03-A49D-4869-9A6D-A706A55FD863}"
EndProject
Project("{FAE04EC0-301F-11D3-BF4B-00C04F79EFBC}") = "05.Square", "05.Square\05.Square.csproj", "{5BA85031-DDD5-4280-89D3-915DDFC64F2A}"
EndProject
Global
	GlobalSection(SolutionConfigurationPlatforms) = preSolution
		Debug|Any CPU = Debug|Any CPU
		Release|Any CPU = Release|Any CPU
	EndGlobalSection
	GlobalSection(ProjectConfigurationPlatforms) = postSolution
		{F5A59F7E-DF5D-4F0C-9FEE-BE3AF1DFE202}.Debug|Any CPU.ActiveCfg = Debug|Any CPU
		{F5A59F7E-DF5D-4F0C-9FEE-BE3AF1DFE202}.Debug|Any CPU.Build.0 = Debug|Any CPU
		{F5A59F7E-DF5D-4F0C-9FEE-BE3AF1DFE202}.Release|Any CPU.ActiveCfg = Release|Any CPU
		{F5A59F7E-DF5D-4F0C-9FEE-BE3AF1DFE202}.Release|Any CPU.Build.0 = Release|Any CPU
		{A2C947B2-2514-40A4-A001-9D164B001006}.Debug|Any CPU.ActiveCfg = Debug|Any CPU
		{A2C947B2-2514-40A4-A001-9D164B001006}.Debug|Any CPU.Build.0 = Debug|Any CPU
		{A2C947B2-2514-40A4-A001-9D164B001006}.Release|Any CPU.ActiveCfg = Release|Any CPU
		{A2C947B2-2514-40A4-A001-9D164B001006}.Release|Any CPU.Build.0 = Release|Any CPU
		{5D80C23D-E81A-4E55-A8BE-A5DC3205C271}.Debug|Any CPU.ActiveCfg = Debug|Any CPU
		{5D80C23D-E81A-4E55-A8BE-A5DC3205C271}.Debug|Any CPU.Build.0 = Debug|Any CPU
		{5D80C23D-E81A-4E55-A8BE-A5DC3205C271}.Release|Any CPU.ActiveCfg = Release|Any CPU
		{5D80C23D-E81A-4E55-A8BE-A5DC3205C271}.Release|Any CPU.Build.0 = Release|Any CPU
		{00C5EC03-A49D-4869-9A6D-A706A55FD863}.Debug|Any CPU.ActiveCfg = Debug|Any CPU
		{00C5EC03-A49D-4869-9A6D-A706A55FD863}.Debug|Any CPU.Build.0 = Debug|Any CPU
		{00C5EC03-A49D-4869-9A6D-A706A55FD863}.Release|Any CPU.ActiveCfg = Release|Any CPU
		{00C5EC03-A49D-4869-9A6D-A706A55FD863}.Release|Any CPU.Build.0 = Release|Any CPU
		{5BA85031-DDD5-4280-89D3-915DDFC64F2A}.Debug|Any CPU.ActiveCfg = Debug|Any CPU
		{5BA85031-DDD5-4280-89D3-915DDFC64F2A}.Debug|Any CPU.Build.0 = Debug|Any CPU
		{5BA85031-DDD5-4280-89D3-915DDFC64F2A}.Release|Any CPU.ActiveCfg = Release|Any CPU
		{5BA85031-DDD5-4280-89D3-915DDFC64F2A}.Release|Any CPU.Build.0 = Release|Any CPU
	EndGlobalSection
	GlobalSection(SolutionProperties) = preSolution
		HideSolutionNode = FALSE
	EndGlobalSection
	GlobalSection(ExtensibilityGlobals) = postSolution
		SolutionGuid = {25825E31-6F93-4F4D-8285-5A952CD3272E}
	EndGlobalSection
EndGlobal
